
Microsoft Visual Studio Solution File, Format Version 12.00
Project("{FAE04EC0-301F-11D3-BF4B-00C04F79EFBC}") = "FuckApi", "FuckApi\FuckApi.csproj", "{77289984-9504-4424-B182-D0031CBC6CBC}"
EndProject
Global
	GlobalSection(SolutionConfigurationPlatforms) = preSolution
		Debug|Any CPU = Debug|Any CPU
		Release|Any CPU = Release|Any CPU
	EndGlobalSection
	GlobalSection(ProjectConfigurationPlatforms) = postSolution
		{77289984-9504-4424-B182-D0031CBC6CBC}.Debug|Any CPU.ActiveCfg = Debug|Any CPU
		{77289984-9504-4424-B182-D0031CBC6CBC}.Debug|Any CPU.Build.0 = Debug|Any CPU
		{77289984-9504-4424-B182-D0031CBC6CBC}.Release|Any CPU.ActiveCfg = Release|Any CPU
		{77289984-9504-4424-B182-D0031CBC6CBC}.Release|Any CPU.Build.0 = Release|Any CPU
	EndGlobalSection
EndGlobal
